{
  "name": "@croquet/worldcore",
  "version": "0.0.1",
  "lockfileVersion": 1,
  "requires": true,
  "dependencies": {
    "@croquet/croquet": {
      "version": "^0.3.3",
      "requires": {
        "@babel/runtime": "^7.11.2",
        "crypto-js": "^4.0.0",
        "fast-json-stable-stringify": "^2.1.0",
        "fastpriorityqueue": "^0.6.3",
        "pako": "^1.0.11",
        "seedrandom": "^3.0.5",
        "toastify-js": "^1.9.0"
      },
      "dependencies": {
        "@babel/runtime": {
          "version": "7.11.2",
          "resolved": "https://registry.npmjs.org/@babel/runtime/-/runtime-7.11.2.tgz",
          "integrity": "sha512-TeWkU52so0mPtDcaCTxNBI/IHiz0pZgr8VEFqXFtZWpYD08ZB6FaSwVAS8MKRQAP3bYKiVjwysOJgMFY28o6Tw==",
          "requires": {
            "regenerator-runtime": "^0.13.4"
          }
        },
        "crypto-js": {
          "version": "4.0.0",
          "resolved": "https://registry.npmjs.org/crypto-js/-/crypto-js-4.0.0.tgz",
          "integrity": "sha512-bzHZN8Pn+gS7DQA6n+iUmBfl0hO5DJq++QP3U6uTucDtk/0iGpXd/Gg7CGR0p8tJhofJyaKoWBuJI4eAO00BBg=="
        },
        "fast-json-stable-stringify": {
          "version": "2.1.0",
          "resolved": "https://registry.npmjs.org/fast-json-stable-stringify/-/fast-json-stable-stringify-2.1.0.tgz",
          "integrity": "sha512-lhd/wF+Lk98HZoTCtlVraHtfh5XYijIjalXck7saUtuanSDyLMxnHhSXEDJqHxD7msR8D0uCmqlkwjCV8xvwHw=="
        },
        "fastpriorityqueue": {
          "version": "0.6.3",
          "resolved": "https://registry.npmjs.org/fastpriorityqueue/-/fastpriorityqueue-0.6.3.tgz",
          "integrity": "sha512-l4Whw9/MDkl/0XuqZEzGE/sw9T7dIxuUnxqq4ZJDLt8AE45j8wkx4/nBRZm50aQ9kN71NB9mwQzglLsvQGROsw=="
        },
        "pako": {
          "version": "1.0.11",
          "resolved": "https://registry.npmjs.org/pako/-/pako-1.0.11.tgz",
          "integrity": "sha512-4hLB8Py4zZce5s4yd9XzopqwVv/yGNhV1Bl8NTmCq1763HeK2+EwVTv+leGeL13Dnh2wfbqowVPXCIO0z4taYw=="
        },
        "regenerator-runtime": {
          "version": "0.13.7",
          "resolved": "https://registry.npmjs.org/regenerator-runtime/-/regenerator-runtime-0.13.7.tgz",
          "integrity": "sha512-a54FxoJDIr27pgf7IgeQGxmqUNYrcV338lf/6gH456HZ/PhX+5BcwHXG9ajESmwe6WRO0tAzRUrRmNONWgkrew=="
        },
        "seedrandom": {
          "version": "3.0.5",
          "resolved": "https://registry.npmjs.org/seedrandom/-/seedrandom-3.0.5.tgz",
          "integrity": "sha512-8OwmbklUNzwezjGInmZ+2clQmExQPvomqjL7LFqOYqtmuxRgQYqOD3mHaU+MvZn5FLUeVxVfQjwLZW/n/JFuqg=="
        },
        "toastify-js": {
          "version": "1.9.1",
          "resolved": "https://registry.npmjs.org/toastify-js/-/toastify-js-1.9.1.tgz",
          "integrity": "sha512-B3LTJURySMix/xWqVHyj2XGVsIHesb4euGVuIaFfKxfmjM4F6HMgbW9V66DHUEt98jGlGpeTWSiSJ78UfrJVbA=="
        }
      }
    },
    "@dimforge/rapier3d": {
      "version": "0.1.12",
      "resolved": "https://registry.npmjs.org/@dimforge/rapier3d/-/rapier3d-0.1.12.tgz",
      "integrity": "sha512-01ydLdHHIkufVekrl3NxMlHD1PTkhgkrZHlPRrDp/9/ZeD81TIPfu5LGqTytKSq8Jfc1aCJsOptVJoHm/tDSXQ=="
    }
  }
}
