{
  "name": "@croquet/worldcore-three",
  "version": "2.0.0-alpha.3",
  "lockfileVersion": 2,
  "requires": true,
  "packages": {
    "": {
      "name": "@croquet/worldcore-three",
      "version": "2.0.0-alpha.1",
      "license": "Apache-2.0",
      "dependencies": {
        "three": "^0.138.0"
      }
    },
    "node_modules/three": {
      "version": "0.138.3",
      "resolved": "https://registry.npmjs.org/three/-/three-0.138.3.tgz",
      "integrity": "sha512-4t1cKC8gimNyJChJbaklg8W/qj3PpsLJUIFm5LIuAy/hVxxNm1ru2FGTSfbTSsuHmC/7ipsyuGKqrSAKLNtkzg=="
    },
    "node_modules/three-mesh-bvh": {
      "version": "0.5.23",
      "resolved": "https://registry.npmjs.org/three-mesh-bvh/-/three-mesh-bvh-0.5.23.tgz",
      "integrity": "sha512-nyk+MskdyDgECqkxdv57UjazqqhrMi+Al9PxJN6yFtx1CTW4r0eCQ27FtyYKY5gCIWhxjtNfWYDPVy8lzx6LkA==",
      "peerDependencies": {
        "three": ">= 0.123.0"
      }
    }
  },
  "dependencies": {
    "three": {
      "version": "0.138.3",
      "resolved": "https://registry.npmjs.org/three/-/three-0.138.3.tgz",
      "integrity": "sha512-4t1cKC8gimNyJChJbaklg8W/qj3PpsLJUIFm5LIuAy/hVxxNm1ru2FGTSfbTSsuHmC/7ipsyuGKqrSAKLNtkzg=="
    },
    "three-mesh-bvh": {
      "version": "0.5.23",
      "resolved": "https://registry.npmjs.org/three-mesh-bvh/-/three-mesh-bvh-0.5.23.tgz",
      "integrity": "sha512-nyk+MskdyDgECqkxdv57UjazqqhrMi+Al9PxJN6yFtx1CTW4r0eCQ27FtyYKY5gCIWhxjtNfWYDPVy8lzx6LkA==",
      "requires": {}
    }
  }
}
