{
	"name": "@croquet/worldcore-three",
	"version": "1.1.2",
	"lockfileVersion": 2,
	"requires": true,
	"packages": {
		"": {
			"name": "@croquet/worldcore-three",
			"version": "1.1.2",
			"license": "Apache-2.0",
			"dependencies": {
				"three": "^0.138.0",
				"three-mesh-bvh": "^0.5.6"
			}
		},
		"node_modules/three": {
			"version": "0.138.3",
			"resolved": "https://registry.npmjs.org/three/-/three-0.138.3.tgz",
			"integrity": "sha512-4t1cKC8gimNyJChJbaklg8W/qj3PpsLJUIFm5LIuAy/hVxxNm1ru2FGTSfbTSsuHmC/7ipsyuGKqrSAKLNtkzg=="
		},
		"node_modules/three-mesh-bvh": {
			"version": "0.5.6",
			"resolved": "https://registry.npmjs.org/three-mesh-bvh/-/three-mesh-bvh-0.5.6.tgz",
			"integrity": "sha512-vxY5amYZLwhsd2X5BtHNXXG0P4XKuIu03q57IynGrHOKXHrnfYLOSOtyi23rnlf8FoZcdlj2fe+bFgIrDxyrmw==",
			"peerDependencies": {
				"three": ">= 0.123.0"
			}
		}
	},
	"dependencies": {
		"three": {
			"version": "0.138.3",
			"resolved": "https://registry.npmjs.org/three/-/three-0.138.3.tgz",
			"integrity": "sha512-4t1cKC8gimNyJChJbaklg8W/qj3PpsLJUIFm5LIuAy/hVxxNm1ru2FGTSfbTSsuHmC/7ipsyuGKqrSAKLNtkzg=="
		},
		"three-mesh-bvh": {
			"version": "0.5.6",
			"resolved": "https://registry.npmjs.org/three-mesh-bvh/-/three-mesh-bvh-0.5.6.tgz",
			"integrity": "sha512-vxY5amYZLwhsd2X5BtHNXXG0P4XKuIu03q57IynGrHOKXHrnfYLOSOtyi23rnlf8FoZcdlj2fe+bFgIrDxyrmw==",
			"requires": {}
		}
	}
}
