{
	"name": "@croquet/worldcore-three",
	"version": "2.0.0-alpha.17",
	"lockfileVersion": 2,
	"requires": true,
	"packages": {
		"": {
			"name": "@croquet/worldcore-three",
			"version": "2.0.0-alpha.17",
			"license": "Apache-2.0",
			"dependencies": {
				"three": "^0.138.0"
			}
		},
		"node_modules/three": {
			"version": "0.138.3",
			"resolved": "https://registry.npmjs.org/three/-/three-0.138.3.tgz",
			"integrity": "sha512-4t1cKC8gimNyJChJbaklg8W/qj3PpsLJUIFm5LIuAy/hVxxNm1ru2FGTSfbTSsuHmC/7ipsyuGKqrSAKLNtkzg=="
		}
	},
	"dependencies": {
		"three": {
			"version": "0.138.3",
			"resolved": "https://registry.npmjs.org/three/-/three-0.138.3.tgz",
			"integrity": "sha512-4t1cKC8gimNyJChJbaklg8W/qj3PpsLJUIFm5LIuAy/hVxxNm1ru2FGTSfbTSsuHmC/7ipsyuGKqrSAKLNtkzg=="
		}
	}
}
