{
  "name": "@croquet/worldcore-widget2",
  "version": "2.0.0-alpha.27",
  "lockfileVersion": 2,
  "requires": true,
  "packages": {
    "": {
      "name": "@croquet/worldcore-widget2",
      "version": "2.0.0-alpha.27",
      "license": "Apache-2.0",
      "dependencies": {
        "@croquet/worldcore-kernel": "^2.0.0-alpha.27"
      }
    },
    "../kernel": {
      "name": "@croquet/worldcore-kernel",
      "version": "2.0.0-alpha.13",
      "license": "Apache-2.0",
      "dependencies": {
        "@croquet/croquet": "^1.1.0-43"
      }
    },
    "../kernel/node_modules/@croquet/croquet": {
      "version": "1.1.0-43",
      "license": "SEE LICENSE.md"
    },
    "node_modules/@croquet/worldcore-kernel": {
      "resolved": "../kernel",
      "link": true
    }
  },
  "dependencies": {
    "@croquet/worldcore-kernel": {
      "version": "file:../kernel",
      "requires": {
        "@croquet/croquet": "^1.1.0-43"
      },
      "dependencies": {
        "@croquet/croquet": {
          "version": "1.1.0-43"
        }
      }
    }
  }
}