{
	"name": "@croquet/worldcore-audio",
	"version": "1.1.1",
	"lockfileVersion": 2,
	"requires": true,
	"packages": {
		"": {
			"name": "@croquet/worldcore-audio",
			"version": "1.1.0",
			"license": "Apache-2.0",
			"dependencies": {
				"resonance-audio": "1.0.0"
			}
		},
		"node_modules/omnitone": {
			"version": "1.3.0",
			"resolved": "https://registry.npmjs.org/omnitone/-/omnitone-1.3.0.tgz",
			"integrity": "sha512-iYmS66kHMw5K3E4cXaiBjjBg3hzinUhD9NrvkGZc33QcYSZVclytcD84Du2aL1Wdp7ulAfxfNMHlC8TXxuhgew=="
		},
		"node_modules/resonance-audio": {
			"version": "1.0.0",
			"resolved": "https://registry.npmjs.org/resonance-audio/-/resonance-audio-1.0.0.tgz",
			"integrity": "sha512-9ciGZtOhvSyfAIcAF1V6u4UKasgT02R0a19j3KE2/zC5TgMY3pVf+f+k5KXEcPP4TGOzh+KDNM6QVvBsj0e3qg==",
			"dependencies": {
				"omnitone": "^1.0.5"
			}
		}
	},
	"dependencies": {
		"omnitone": {
			"version": "1.3.0",
			"resolved": "https://registry.npmjs.org/omnitone/-/omnitone-1.3.0.tgz",
			"integrity": "sha512-iYmS66kHMw5K3E4cXaiBjjBg3hzinUhD9NrvkGZc33QcYSZVclytcD84Du2aL1Wdp7ulAfxfNMHlC8TXxuhgew=="
		},
		"resonance-audio": {
			"version": "1.0.0",
			"resolved": "https://registry.npmjs.org/resonance-audio/-/resonance-audio-1.0.0.tgz",
			"integrity": "sha512-9ciGZtOhvSyfAIcAF1V6u4UKasgT02R0a19j3KE2/zC5TgMY3pVf+f+k5KXEcPP4TGOzh+KDNM6QVvBsj0e3qg==",
			"requires": {
				"omnitone": "^1.0.5"
			}
		}
	}
}
