{
	"name": "@croquet/worldcore-rapier",
	"version": "1.1.0",
	"lockfileVersion": 2,
	"requires": true,
	"packages": {
		"": {
			"name": "@croquet/worldcore-rapier",
			"version": "1.1.0",
			"license": "Apache-2.0",
			"dependencies": {
				"@dimforge/rapier3d": "0.7.6"
			}
		},
		"node_modules/@dimforge/rapier3d": {
			"version": "0.7.6",
			"resolved": "https://registry.npmjs.org/@dimforge/rapier3d/-/rapier3d-0.7.6.tgz",
			"integrity": "sha512-mjQWpXgqlIe0MjXzvv2c/G7vsWvs2YsbNZWDghxraM07KAP2unu+Xg4TWdcsXxN3AoZDoLhKvJ0IecPzyU5Ukg=="
		}
	},
	"dependencies": {
		"@dimforge/rapier3d": {
			"version": "0.7.6",
			"resolved": "https://registry.npmjs.org/@dimforge/rapier3d/-/rapier3d-0.7.6.tgz",
			"integrity": "sha512-mjQWpXgqlIe0MjXzvv2c/G7vsWvs2YsbNZWDghxraM07KAP2unu+Xg4TWdcsXxN3AoZDoLhKvJ0IecPzyU5Ukg=="
		}
	}
}
