{
  "name": "@croquet/worldcore-rapier",
  "version": "1.3.0",
  "lockfileVersion": 2,
  "requires": true,
  "packages": {
    "": {
      "name": "@croquet/worldcore-rapier",
      "version": "1.1.2",
      "license": "Apache-2.0",
      "dependencies": {
        "@croquet/worldcore-kernel": "^1.1.2",
        "@dimforge/rapier3d": "0.7.6"
      }
    },
    "node_modules/@croquet/croquet": {
      "version": "1.0.5",
      "resolved": "https://registry.npmjs.org/@croquet/croquet/-/croquet-1.0.5.tgz",
      "integrity": "sha512-BM6sIan7EBs13q/fBG5HvHBR1r5gZtD2nAN5tx0WZnnvCr/iIxMzgYg3XcJqOKooA7sRfzMDtMZSyCA8MaSWVw=="
    },
    "node_modules/@croquet/worldcore-kernel": {
      "version": "1.1.2",
      "resolved": "https://registry.npmjs.org/@croquet/worldcore-kernel/-/worldcore-kernel-1.1.2.tgz",
      "integrity": "sha512-1mPgBVOyAe3mt+AGv4BzFlWYD+LEWU0+5N89uOic+CaiwUWoxJKMthsB//zxEbY26UHFT/L4Fj28WamxBhHx2g==",
      "dependencies": {
        "@croquet/croquet": "^1.0.5"
      }
    },
    "node_modules/@dimforge/rapier3d": {
      "version": "0.7.6",
      "resolved": "https://registry.npmjs.org/@dimforge/rapier3d/-/rapier3d-0.7.6.tgz",
      "integrity": "sha512-mjQWpXgqlIe0MjXzvv2c/G7vsWvs2YsbNZWDghxraM07KAP2unu+Xg4TWdcsXxN3AoZDoLhKvJ0IecPzyU5Ukg=="
    }
  },
  "dependencies": {
    "@croquet/croquet": {
      "version": "1.0.5",
      "resolved": "https://registry.npmjs.org/@croquet/croquet/-/croquet-1.0.5.tgz",
      "integrity": "sha512-BM6sIan7EBs13q/fBG5HvHBR1r5gZtD2nAN5tx0WZnnvCr/iIxMzgYg3XcJqOKooA7sRfzMDtMZSyCA8MaSWVw=="
    },
    "@croquet/worldcore-kernel": {
      "version": "1.1.2",
      "resolved": "https://registry.npmjs.org/@croquet/worldcore-kernel/-/worldcore-kernel-1.1.2.tgz",
      "integrity": "sha512-1mPgBVOyAe3mt+AGv4BzFlWYD+LEWU0+5N89uOic+CaiwUWoxJKMthsB//zxEbY26UHFT/L4Fj28WamxBhHx2g==",
      "requires": {
        "@croquet/croquet": "^1.0.5"
      }
    },
    "@dimforge/rapier3d": {
      "version": "0.7.6",
      "resolved": "https://registry.npmjs.org/@dimforge/rapier3d/-/rapier3d-0.7.6.tgz",
      "integrity": "sha512-mjQWpXgqlIe0MjXzvv2c/G7vsWvs2YsbNZWDghxraM07KAP2unu+Xg4TWdcsXxN3AoZDoLhKvJ0IecPzyU5Ukg=="
    }
  }
}
