{
	"name": "@croquet/worldcore-rapier",
	"version": "2.0.0-alpha.16",
	"lockfileVersion": 2,
	"requires": true,
	"packages": {
		"": {
			"name": "@croquet/worldcore-rapier",
			"version": "2.0.0-alpha.16",
			"license": "Apache-2.0",
			"dependencies": {
				"@dimforge/rapier3d-compat": "^0.12.0"
			}
		},
		"node_modules/@dimforge/rapier3d-compat": {
			"version": "0.12.0",
			"resolved": "https://registry.npmjs.org/@dimforge/rapier3d-compat/-/rapier3d-compat-0.12.0.tgz",
			"integrity": "sha512-uekIGetywIgopfD97oDL5PfeezkFpNhwlzlaEYNOA0N6ghdsOvh/HYjSMek5Q2O1PYvRSDFcqFVJl4r4ZBwOow=="
		}
	},
	"dependencies": {
		"@dimforge/rapier3d-compat": {
			"version": "0.12.0",
			"resolved": "https://registry.npmjs.org/@dimforge/rapier3d-compat/-/rapier3d-compat-0.12.0.tgz",
			"integrity": "sha512-uekIGetywIgopfD97oDL5PfeezkFpNhwlzlaEYNOA0N6ghdsOvh/HYjSMek5Q2O1PYvRSDFcqFVJl4r4ZBwOow=="
		}
	}
}
