lockfileVersion: 5.3

specifiers:
  '@croquet/worldcore-kernel': link:..\kernel
  '@dimforge/rapier3d': 0.7.6

dependencies:
  '@croquet/worldcore-kernel': link:../kernel
  '@dimforge/rapier3d': 0.7.6

packages:

  /@dimforge/rapier3d/0.7.6:
    resolution: {integrity: sha512-mjQWpXgqlIe0MjXzvv2c/G7vsWvs2YsbNZWDghxraM07KAP2unu+Xg4TWdcsXxN3AoZDoLhKvJ0IecPzyU5Ukg==}
    dev: false
