lockfileVersion: 5.3

specifiers:
  '@croquet/worldcore-kernel': ^1.0.1
  '@dimforge/rapier3d': 0.7.6

dependencies:
  '@croquet/worldcore-kernel': 1.0.1
  '@dimforge/rapier3d': 0.7.6

packages:

  /@croquet/croquet/1.0.5:
    resolution: {integrity: sha512-BM6sIan7EBs13q/fBG5HvHBR1r5gZtD2nAN5tx0WZnnvCr/iIxMzgYg3XcJqOKooA7sRfzMDtMZSyCA8MaSWVw==}
    dev: false

  /@croquet/worldcore-kernel/1.0.1:
    resolution: {integrity: sha512-Wt3caSgXoZEeV9H3mufnnD8J0Pd94raP1A8ROBkMAfDbrnpY6Pas41UFXC07nIBRXCPGIYwmN7vfrN2lcTipyw==}
    dependencies:
      '@croquet/croquet': 1.0.5
    dev: false

  /@dimforge/rapier3d/0.7.6:
    resolution: {integrity: sha512-mjQWpXgqlIe0MjXzvv2c/G7vsWvs2YsbNZWDghxraM07KAP2unu+Xg4TWdcsXxN3AoZDoLhKvJ0IecPzyU5Ukg==}
    dev: false
