{
	"name": "@croquet/worldcore-kernel",
	"version": "1.1.2",
	"lockfileVersion": 2,
	"requires": true,
	"packages": {
		"": {
			"name": "@croquet/worldcore-kernel",
			"version": "1.1.2",
			"license": "Apache-2.0",
			"dependencies": {
				"@croquet/croquet": "1.1.0-5"
			}
		},
		"node_modules/@croquet/croquet": {
			"version": "1.1.0-5",
			"resolved": "https://registry.npmjs.org/@croquet/croquet/-/croquet-1.1.0-5.tgz",
			"integrity": "sha512-Fl+WlQO12kmIqrelZfo17MQyB4eBxzS0OcPf/cjjXcR9Ln8+xTM7nS9qPahN1MaCmo+ULrkk6viBj5a3cMDr0g=="
		}
	},
	"dependencies": {
		"@croquet/croquet": {
			"version": "1.1.0-5",
			"resolved": "https://registry.npmjs.org/@croquet/croquet/-/croquet-1.1.0-5.tgz",
			"integrity": "sha512-Fl+WlQO12kmIqrelZfo17MQyB4eBxzS0OcPf/cjjXcR9Ln8+xTM7nS9qPahN1MaCmo+ULrkk6viBj5a3cMDr0g=="
		}
	}
}
