{
	"name": "@croquet/worldcore-kernel",
	"version": "2.0.0-alpha.22",
	"lockfileVersion": 2,
	"requires": true,
	"packages": {
		"": {
			"name": "@croquet/worldcore-kernel",
			"version": "2.0.0-alpha.21",
			"license": "Apache-2.0",
			"dependencies": {
				"@croquet/croquet": "^2.0.0-8"
			}
		},
		"node_modules/@croquet/croquet": {
			"version": "2.0.0-8",
			"resolved": "https://registry.npmjs.org/@croquet/croquet/-/croquet-2.0.0-8.tgz",
			"integrity": "sha512-mV/kKoTj2UaVgobVpHXImnzJH9LegaSi+33vX+UHrOPu/hcNuLhNqQRYEc6b13J6eZO1JBn5XHlWsXlbWlLMzw=="
		}
	},
	"dependencies": {
		"@croquet/croquet": {
			"version": "2.0.0-8",
			"resolved": "https://registry.npmjs.org/@croquet/croquet/-/croquet-2.0.0-8.tgz",
			"integrity": "sha512-mV/kKoTj2UaVgobVpHXImnzJH9LegaSi+33vX+UHrOPu/hcNuLhNqQRYEc6b13J6eZO1JBn5XHlWsXlbWlLMzw=="
		}
	}
}
