{
  "name": "@croquet/worldcore-kernel",
  "version": "1.1.2",
  "lockfileVersion": 2,
  "requires": true,
  "packages": {
    "": {
      "name": "@croquet/worldcore-kernel",
      "version": "1.1.2",
      "license": "Apache-2.0",
      "dependencies": {
        "@croquet/croquet": "^1.1.0-7"
      }
    },
    "node_modules/@croquet/croquet": {
      "version": "1.1.0-7",
      "resolved": "https://registry.npmjs.org/@croquet/croquet/-/croquet-1.1.0-7.tgz",
      "integrity": "sha512-aYf973XMpc0cVU4fCmvwdo+g2w51GYjrcIiu75iy5r04g3k5VuZ53fQQmpK7+L4F6P2cefMfibZjVNu4FjEf9A=="
    }
  },
  "dependencies": {
    "@croquet/croquet": {
      "version": "1.1.0-7",
      "resolved": "https://registry.npmjs.org/@croquet/croquet/-/croquet-1.1.0-7.tgz",
      "integrity": "sha512-aYf973XMpc0cVU4fCmvwdo+g2w51GYjrcIiu75iy5r04g3k5VuZ53fQQmpK7+L4F6P2cefMfibZjVNu4FjEf9A=="
    }
  }
}
