lockfileVersion: 5.3

specifiers:
  '@croquet/worldcore-audio': ^1.0.1
  '@croquet/worldcore-behavior': ^1.0.1
  '@croquet/worldcore-kernel': ^1.0.1
  '@croquet/worldcore-rapier': ^1.0.2
  '@croquet/worldcore-three': ^1.0.1
  '@croquet/worldcore-webgl': ^1.0.1
  '@croquet/worldcore-widget': ^1.0.1

dependencies:
  '@croquet/worldcore-audio': 1.0.1
  '@croquet/worldcore-behavior': 1.0.1
  '@croquet/worldcore-kernel': 1.0.1
  '@croquet/worldcore-rapier': 1.0.2
  '@croquet/worldcore-three': 1.0.1
  '@croquet/worldcore-webgl': 1.0.1
  '@croquet/worldcore-widget': 1.0.1

packages:

  /@croquet/croquet/1.0.5:
    resolution: {integrity: sha512-BM6sIan7EBs13q/fBG5HvHBR1r5gZtD2nAN5tx0WZnnvCr/iIxMzgYg3XcJqOKooA7sRfzMDtMZSyCA8MaSWVw==}
    dev: false

  /@croquet/worldcore-audio/1.0.1:
    resolution: {integrity: sha512-WHfg3aFhrpzhFXfth03+HiE7QISu3ljC4Q07f5qosMrQHwa4XpkywT6GDtV34pYGDkEzh98l4452F58RvA1tMA==}
    dependencies:
      '@croquet/worldcore-kernel': 1.0.1
      resonance-audio: 1.0.0
    dev: false

  /@croquet/worldcore-behavior/1.0.1:
    resolution: {integrity: sha512-4PGajEvRhLTLy6sbqVV/REhP7/NfaCHV6nYTiT84MyK+FVRKdYx6TruyzPVaS9TkdpAd43QEeyrm60W/Mo/Uzg==}
    dependencies:
      '@croquet/worldcore-kernel': 1.0.1
    dev: false

  /@croquet/worldcore-kernel/1.0.1:
    resolution: {integrity: sha512-Wt3caSgXoZEeV9H3mufnnD8J0Pd94raP1A8ROBkMAfDbrnpY6Pas41UFXC07nIBRXCPGIYwmN7vfrN2lcTipyw==}
    dependencies:
      '@croquet/croquet': 1.0.5
    dev: false

  /@croquet/worldcore-rapier/1.0.2:
    resolution: {integrity: sha512-+fSAqHkWinDgjRrChxAr0vFf7v3hxPFFZaEkOJAGA/OhYoj+xFrdWHXXkzQKW386W5KeuMrB7iO/YbW4h6n/NQ==}
    dependencies:
      '@croquet/worldcore-kernel': 1.0.1
      '@dimforge/rapier3d': 0.7.6
    dev: false

  /@croquet/worldcore-three/1.0.1:
    resolution: {integrity: sha512-7byeb6H7T3/osfOHVu663j4FOtRgSrWWBJklv5U/gvx0zCQWI+pa/utf23/cJG/ieXNh5F2tG3QrXXl+qB4UeA==}
    dependencies:
      '@croquet/worldcore-kernel': 1.0.1
      three: 0.131.3
    dev: false

  /@croquet/worldcore-webgl/1.0.1:
    resolution: {integrity: sha512-uqHu9EHCfmrASxPU8PSnSns5SXZVdAnlWQpG6GDaBnuPj5iUZnBULuQhLYzqO9LFY/qcx6/FXCQ27rzo3GYq6A==}
    dependencies:
      '@croquet/worldcore-kernel': 1.0.1
    dev: false

  /@croquet/worldcore-widget/1.0.1:
    resolution: {integrity: sha512-zEO7LNc5t2nhglk5mTVXnXRfGm5UYuqj+cKif4JJi1HenxHEVEstDhC6ykoUKoUQa6rU5veKyCwN+wS386Q92Q==}
    dependencies:
      '@croquet/worldcore-kernel': 1.0.1
    dev: false

  /@dimforge/rapier3d/0.7.6:
    resolution: {integrity: sha512-mjQWpXgqlIe0MjXzvv2c/G7vsWvs2YsbNZWDghxraM07KAP2unu+Xg4TWdcsXxN3AoZDoLhKvJ0IecPzyU5Ukg==}
    dev: false

  /omnitone/1.3.0:
    resolution: {integrity: sha512-iYmS66kHMw5K3E4cXaiBjjBg3hzinUhD9NrvkGZc33QcYSZVclytcD84Du2aL1Wdp7ulAfxfNMHlC8TXxuhgew==}
    dev: false

  /resonance-audio/1.0.0:
    resolution: {integrity: sha512-9ciGZtOhvSyfAIcAF1V6u4UKasgT02R0a19j3KE2/zC5TgMY3pVf+f+k5KXEcPP4TGOzh+KDNM6QVvBsj0e3qg==}
    dependencies:
      omnitone: 1.3.0
    dev: false

  /three/0.131.3:
    resolution: {integrity: sha512-VkZAv8ZTJqiE/fyEmoWLxcNHImpVcjqW7RO0GzMu3tRpwO0KUvK9pjTmJzJcAbc51BOeB2G38zh80yjHTbP8gQ==}
    dev: false
