{
  "name": "@croquet/worldcore-widget3",
  "version": "2.0.0-alpha.14",
  "lockfileVersion": 2,
  "requires": true,
  "packages": {
    "": {
      "name": "@croquet/worldcore-widget3",
      "version": "2.0.0-alpha.13",
      "license": "Apache-2.0",
      "dependencies": {
        "@croquet/worldcore-kernel": "^2.0.0-alpha.13",
        "@croquet/worldcore-three": "^2.0.0-alpha.13"
      }
    },
    "../kernel": {
      "name": "@croquet/worldcore-kernel",
      "version": "2.0.0-alpha.13",
      "license": "Apache-2.0",
      "dependencies": {
        "@croquet/croquet": "^1.1.0-43"
      }
    },
    "../kernel/node_modules/@croquet/croquet": {
      "version": "1.1.0-43",
      "license": "SEE LICENSE.md"
    },
    "../three": {
      "name": "@croquet/worldcore-three",
      "version": "2.0.0-alpha.13",
      "license": "Apache-2.0",
      "dependencies": {
        "@croquet/worldcore-kernel": "^2.0.0-alpha.13",
        "three": "^0.138.0"
      }
    },
    "../three/node_modules/@croquet/croquet": {
      "version": "1.1.0-43",
      "license": "SEE LICENSE.md"
    },
    "../three/node_modules/@croquet/worldcore-kernel": {
      "version": "2.0.0-alpha.13",
      "license": "Apache-2.0",
      "dependencies": {
        "@croquet/croquet": "^1.1.0-43"
      }
    },
    "../three/node_modules/three": {
      "version": "0.138.3",
      "license": "MIT"
    },
    "node_modules/@croquet/worldcore-kernel": {
      "resolved": "../kernel",
      "link": true
    },
    "node_modules/@croquet/worldcore-three": {
      "resolved": "../three",
      "link": true
    }
  },
  "dependencies": {
    "@croquet/worldcore-kernel": {
      "version": "file:../kernel",
      "requires": {
        "@croquet/croquet": "^1.1.0-43"
      },
      "dependencies": {
        "@croquet/croquet": {
          "version": "1.1.0-43"
        }
      }
    },
    "@croquet/worldcore-three": {
      "version": "file:../three",
      "requires": {
        "@croquet/worldcore-kernel": "^2.0.0-alpha.13",
        "three": "^0.138.0"
      },
      "dependencies": {
        "@croquet/croquet": {
          "version": "1.1.0-43"
        },
        "@croquet/worldcore-kernel": {
          "version": "2.0.0-alpha.13",
          "requires": {
            "@croquet/croquet": "^1.1.0-43"
          }
        },
        "three": {
          "version": "0.138.3"
        }
      }
    }
  }
}
